# This file is automatically @generated by Cargo.
# It is not intended for manual editing.
version = 4

[[package]]
name = "cabin-cli"
version = "0.0.0"

[[package]]
name = "cabin-db"
version = "0.0.0"

[[package]]
name = "cabin-storage"
version = "0.0.0"

[[package]]
name = "cabin-vdbe"
version = "0.0.0"
